
Microsoft Visual Studio Solution File, Format Version 12.00
# Visual Studio 15
VisualStudioVersion = 15.0.27130.2010
MinimumVisualStudioVersion = 10.0.40219.1
Project("{9A19103F-16F7-4668-BE54-9A1E7A4F7556}") = "IT_F18", "IT_F18.csproj", "{4C168B0B-B065-4507-B146-6307E7304544}"
EndProject
Global
	GlobalSection(SolutionConfigurationPlatforms) = preSolution
		Debug|Any CPU = Debug|Any CPU
		Release|Any CPU = Release|Any CPU
	EndGlobalSection
	GlobalSection(ProjectConfigurationPlatforms) = postSolution
		{4C168B0B-B065-4507-B146-6307E7304544}.Debug|Any CPU.ActiveCfg = Debug|Any CPU
		{4C168B0B-B065-4507-B146-6307E7304544}.Debug|Any CPU.Build.0 = Debug|Any CPU
		{4C168B0B-B065-4507-B146-6307E7304544}.Release|Any CPU.ActiveCfg = Release|Any CPU
		{4C168B0B-B065-4507-B146-6307E7304544}.Release|Any CPU.Build.0 = Release|Any CPU
	EndGlobalSection
	GlobalSection(SolutionProperties) = preSolution
		HideSolutionNode = FALSE
	EndGlobalSection
	GlobalSection(ExtensibilityGlobals) = postSolution
		SolutionGuid = {2F52948E-688F-45EC-99F1-7285710C31C2}
	EndGlobalSection
EndGlobal
